
Microsoft Visual Studio Solution File, Format Version 12.00
# Visual Studio Version 17
VisualStudioVersion = 17.5.002.0
MinimumVisualStudioVersion = 10.0.40219.1
Project("{9A19103F-16F7-4668-BE54-9A1E7A4F7556}") = "project.net", "project.net.csproj", "{D80E99F9-794B-4C0F-8349-11C5513797AD}"
EndProject
Global
	GlobalSection(SolutionConfigurationPlatforms) = preSolution
		Debug|Any CPU = Debug|Any CPU
		Release|Any CPU = Release|Any CPU
	EndGlobalSection
	GlobalSection(ProjectConfigurationPlatforms) = postSolution
		{D80E99F9-794B-4C0F-8349-11C5513797AD}.Debug|Any CPU.ActiveCfg = Debug|Any CPU
		{D80E99F9-794B-4C0F-8349-11C5513797AD}.Debug|Any CPU.Build.0 = Debug|Any CPU
		{D80E99F9-794B-4C0F-8349-11C5513797AD}.Release|Any CPU.ActiveCfg = Release|Any CPU
		{D80E99F9-794B-4C0F-8349-11C5513797AD}.Release|Any CPU.Build.0 = Release|Any CPU
	EndGlobalSection
	GlobalSection(SolutionProperties) = preSolution
		HideSolutionNode = FALSE
	EndGlobalSection
	GlobalSection(ExtensibilityGlobals) = postSolution
		SolutionGuid = {0FAEDE85-AF5D-41DE-A84C-4F1EF7073E39}
	EndGlobalSection
EndGlobal
